
Microsoft Visual Studio Solution File, Format Version 12.00
# Visual Studio Version 17
VisualStudioVersion = 17.10.35013.160
MinimumVisualStudioVersion = 10.0.40219.1
Project("{FAE04EC0-301F-11D3-BF4B-00C04F79EFBC}") = "maisSaude", "maisSaude.csproj", "{7B75AF34-B0A9-40DA-8870-4E019F2D8DF0}"
EndProject
Global
	GlobalSection(SolutionConfigurationPlatforms) = preSolution
		Debug|Any CPU = Debug|Any CPU
		Release|Any CPU = Release|Any CPU
	EndGlobalSection
	GlobalSection(ProjectConfigurationPlatforms) = postSolution
		{7B75AF34-B0A9-40DA-8870-4E019F2D8DF0}.Debug|Any CPU.ActiveCfg = Debug|Any CPU
		{7B75AF34-B0A9-40DA-8870-4E019F2D8DF0}.Debug|Any CPU.Build.0 = Debug|Any CPU
		{7B75AF34-B0A9-40DA-8870-4E019F2D8DF0}.Release|Any CPU.ActiveCfg = Release|Any CPU
		{7B75AF34-B0A9-40DA-8870-4E019F2D8DF0}.Release|Any CPU.Build.0 = Release|Any CPU
	EndGlobalSection
	GlobalSection(SolutionProperties) = preSolution
		HideSolutionNode = FALSE
	EndGlobalSection
	GlobalSection(ExtensibilityGlobals) = postSolution
		SolutionGuid = {3136C439-54E8-40EC-85DA-B97188EE31F1}
	EndGlobalSection
EndGlobal
